
Microsoft Visual Studio Solution File, Format Version 12.00
# Visual Studio Version 17
VisualStudioVersion = 17.6.33829.357
MinimumVisualStudioVersion = 10.0.40219.1
Project("{9A19103F-16F7-4668-BE54-9A1E7A4F7556}") = "URLShortener", "URLShortener\URLShortener.csproj", "{D41D1877-0536-43C6-9AF3-AB3E5D7AF539}"
EndProject
Project("{9A19103F-16F7-4668-BE54-9A1E7A4F7556}") = "UrlShortener.Models", "UrlShortener.Models\UrlShortener.Models.csproj", "{780D481A-4220-4FEA-ABF2-B0694CC51D2C}"
EndProject
Project("{9A19103F-16F7-4668-BE54-9A1E7A4F7556}") = "URLShortener.DataAccess", "URLShortener.DataAccess\URLShortener.DataAccess.csproj", "{231FB362-1EBD-4A8A-8D3D-3ECBBC2FD5DF}"
EndProject
Project("{9A19103F-16F7-4668-BE54-9A1E7A4F7556}") = "URLShortener.Utility", "URLShortener.Utility\URLShortener.Utility.csproj", "{47CB3A01-5B1E-46C8-8BC5-C7E3ADDDB49A}"
EndProject
Project("{9A19103F-16F7-4668-BE54-9A1E7A4F7556}") = "UrlShortener.Models.Tests", "UrlShortener.Models.Tests\UrlShortener.Models.Tests.csproj", "{0B0B1413-A577-4906-AF52-C5BF8CF6C63E}"
EndProject
Project("{FAE04EC0-301F-11D3-BF4B-00C04F79EFBC}") = "UrlShortener.DataAccess.Tests", "UrlShortener.DataAccess.Tests\UrlShortener.DataAccess.Tests.csproj", "{A334EA29-526C-49C8-8286-942E5B05B01A}"
EndProject
Global
	GlobalSection(SolutionConfigurationPlatforms) = preSolution
		Debug|Any CPU = Debug|Any CPU
		Release|Any CPU = Release|Any CPU
	EndGlobalSection
	GlobalSection(ProjectConfigurationPlatforms) = postSolution
		{D41D1877-0536-43C6-9AF3-AB3E5D7AF539}.Debug|Any CPU.ActiveCfg = Debug|Any CPU
		{D41D1877-0536-43C6-9AF3-AB3E5D7AF539}.Debug|Any CPU.Build.0 = Debug|Any CPU
		{D41D1877-0536-43C6-9AF3-AB3E5D7AF539}.Release|Any CPU.ActiveCfg = Release|Any CPU
		{D41D1877-0536-43C6-9AF3-AB3E5D7AF539}.Release|Any CPU.Build.0 = Release|Any CPU
		{780D481A-4220-4FEA-ABF2-B0694CC51D2C}.Debug|Any CPU.ActiveCfg = Debug|Any CPU
		{780D481A-4220-4FEA-ABF2-B0694CC51D2C}.Debug|Any CPU.Build.0 = Debug|Any CPU
		{780D481A-4220-4FEA-ABF2-B0694CC51D2C}.Release|Any CPU.ActiveCfg = Release|Any CPU
		{780D481A-4220-4FEA-ABF2-B0694CC51D2C}.Release|Any CPU.Build.0 = Release|Any CPU
		{231FB362-1EBD-4A8A-8D3D-3ECBBC2FD5DF}.Debug|Any CPU.ActiveCfg = Debug|Any CPU
		{231FB362-1EBD-4A8A-8D3D-3ECBBC2FD5DF}.Debug|Any CPU.Build.0 = Debug|Any CPU
		{231FB362-1EBD-4A8A-8D3D-3ECBBC2FD5DF}.Release|Any CPU.ActiveCfg = Release|Any CPU
		{231FB362-1EBD-4A8A-8D3D-3ECBBC2FD5DF}.Release|Any CPU.Build.0 = Release|Any CPU
		{47CB3A01-5B1E-46C8-8BC5-C7E3ADDDB49A}.Debug|Any CPU.ActiveCfg = Debug|Any CPU
		{47CB3A01-5B1E-46C8-8BC5-C7E3ADDDB49A}.Debug|Any CPU.Build.0 = Debug|Any CPU
		{47CB3A01-5B1E-46C8-8BC5-C7E3ADDDB49A}.Release|Any CPU.ActiveCfg = Release|Any CPU
		{47CB3A01-5B1E-46C8-8BC5-C7E3ADDDB49A}.Release|Any CPU.Build.0 = Release|Any CPU
		{0B0B1413-A577-4906-AF52-C5BF8CF6C63E}.Debug|Any CPU.ActiveCfg = Debug|Any CPU
		{0B0B1413-A577-4906-AF52-C5BF8CF6C63E}.Debug|Any CPU.Build.0 = Debug|Any CPU
		{0B0B1413-A577-4906-AF52-C5BF8CF6C63E}.Release|Any CPU.ActiveCfg = Release|Any CPU
		{0B0B1413-A577-4906-AF52-C5BF8CF6C63E}.Release|Any CPU.Build.0 = Release|Any CPU
		{A334EA29-526C-49C8-8286-942E5B05B01A}.Debug|Any CPU.ActiveCfg = Debug|Any CPU
		{A334EA29-526C-49C8-8286-942E5B05B01A}.Debug|Any CPU.Build.0 = Debug|Any CPU
		{A334EA29-526C-49C8-8286-942E5B05B01A}.Release|Any CPU.ActiveCfg = Release|Any CPU
		{A334EA29-526C-49C8-8286-942E5B05B01A}.Release|Any CPU.Build.0 = Release|Any CPU
	EndGlobalSection
	GlobalSection(SolutionProperties) = preSolution
		HideSolutionNode = FALSE
	EndGlobalSection
	GlobalSection(ExtensibilityGlobals) = postSolution
		SolutionGuid = {37BB41B2-36CA-4BDE-8530-42DD80C017C5}
	EndGlobalSection
EndGlobal
